
Microsoft Visual Studio Solution File, Format Version 12.00
# Visual Studio Version 17
VisualStudioVersion = 17.4.33110.190
MinimumVisualStudioVersion = 10.0.40219.1
Project("{FAE04EC0-301F-11D3-BF4B-00C04F79EFBC}") = "ConsoleApp1", "ConsoleApp1\ConsoleApp1.csproj", "{A879105D-79F7-4AE9-96B4-8FE45F6657C8}"
EndProject
Global
	GlobalSection(SolutionConfigurationPlatforms) = preSolution
		Debug|Any CPU = Debug|Any CPU
		Release|Any CPU = Release|Any CPU
	EndGlobalSection
	GlobalSection(ProjectConfigurationPlatforms) = postSolution
		{A879105D-79F7-4AE9-96B4-8FE45F6657C8}.Debug|Any CPU.ActiveCfg = Debug|Any CPU
		{A879105D-79F7-4AE9-96B4-8FE45F6657C8}.Debug|Any CPU.Build.0 = Debug|Any CPU
		{A879105D-79F7-4AE9-96B4-8FE45F6657C8}.Release|Any CPU.ActiveCfg = Release|Any CPU
		{A879105D-79F7-4AE9-96B4-8FE45F6657C8}.Release|Any CPU.Build.0 = Release|Any CPU
	EndGlobalSection
	GlobalSection(SolutionProperties) = preSolution
		HideSolutionNode = FALSE
	EndGlobalSection
	GlobalSection(ExtensibilityGlobals) = postSolution
		SolutionGuid = {57EAF350-0CA5-4E85-AA22-1CD2EFFCA35A}
	EndGlobalSection
EndGlobal
